// !$*UTF8*$!
{
	archiveVersion = 1;
	classes = {
	};
	objectVersion = 50;
	objects = {

/* Begin PBXBuildFile section */
		CA3C70DD273A599E0089DA5A /* KleineEcommersApp.swift in Sources */ = {isa = PBXBuildFile; fileRef = CA3C70DC273A599E0089DA5A /* KleineEcommersApp.swift */; };
		CA3C70DF273A599E0089DA5A /* ContentView.swift in Sources */ = {isa = PBXBuildFile; fileRef = CA3C70DE273A599E0089DA5A /* ContentView.swift */; };
		CA3C70E1273A59A00089DA5A /* Assets.xcassets in Resources */ = {isa = PBXBuildFile; fileRef = CA3C70E0273A59A00089DA5A /* Assets.xcassets */; };
		CA3C70E4273A59A00089DA5A /* Preview Assets.xcassets in Resources */ = {isa = PBXBuildFile; fileRef = CA3C70E3273A59A00089DA5A /* Preview Assets.xcassets */; };
		CA3C710C273A5A7E0089DA5A /* AppError.swift in Sources */ = {isa = PBXBuildFile; fileRef = CA3C70F2273A5A7E0089DA5A /* AppError.swift */; };
		CA3C710D273A5A7E0089DA5A /* Date+Extension.swift in Sources */ = {isa = PBXBuildFile; fileRef = CA3C70F4273A5A7E0089DA5A /* Date+Extension.swift */; };
		CA3C710E273A5A7E0089DA5A /* Bundle+Extension.swift in Sources */ = {isa = PBXBuildFile; fileRef = CA3C70F5273A5A7E0089DA5A /* Bundle+Extension.swift */; };
		CA3C710F273A5A7E0089DA5A /* Double+Extension.swift in Sources */ = {isa = PBXBuildFile; fileRef = CA3C70F6273A5A7E0089DA5A /* Double+Extension.swift */; };
		CA3C7110273A5A7E0089DA5A /* Color+Extension.swift in Sources */ = {isa = PBXBuildFile; fileRef = CA3C70F7273A5A7E0089DA5A /* Color+Extension.swift */; };
		CA3C7111273A5A7E0089DA5A /* Font+Extension.swift in Sources */ = {isa = PBXBuildFile; fileRef = CA3C70F8273A5A7E0089DA5A /* Font+Extension.swift */; };
		CA3C7112273A5A7E0089DA5A /* TestLoadingView.swift in Sources */ = {isa = PBXBuildFile; fileRef = CA3C70FA273A5A7E0089DA5A /* TestLoadingView.swift */; };
		CA3C7113273A5A7E0089DA5A /* CustomNavigationLink.swift in Sources */ = {isa = PBXBuildFile; fileRef = CA3C70FD273A5A7E0089DA5A /* CustomNavigationLink.swift */; };
		CA3C7114273A5A7E0089DA5A /* CustomNavBarContainerView.swift in Sources */ = {isa = PBXBuildFile; fileRef = CA3C70FE273A5A7E0089DA5A /* CustomNavBarContainerView.swift */; };
		CA3C7115273A5A7E0089DA5A /* AppNavBarView.swift in Sources */ = {isa = PBXBuildFile; fileRef = CA3C70FF273A5A7E0089DA5A /* AppNavBarView.swift */; };
		CA3C7116273A5A7E0089DA5A /* CustomNavigationView.swift in Sources */ = {isa = PBXBuildFile; fileRef = CA3C7100273A5A7E0089DA5A /* CustomNavigationView.swift */; };
		CA3C7117273A5A7E0089DA5A /* CustomNavigationViewPrefrenceKeys.swift in Sources */ = {isa = PBXBuildFile; fileRef = CA3C7101273A5A7E0089DA5A /* CustomNavigationViewPrefrenceKeys.swift */; };
		CA3C7118273A5A7E0089DA5A /* CustomNavBarView.swift in Sources */ = {isa = PBXBuildFile; fileRef = CA3C7102273A5A7E0089DA5A /* CustomNavBarView.swift */; };
		CA3C7119273A5A7E0089DA5A /* LoadingView.swift in Sources */ = {isa = PBXBuildFile; fileRef = CA3C7104273A5A7E0089DA5A /* LoadingView.swift */; };
		CA3C711A273A5A7E0089DA5A /* ErrorView.swift in Sources */ = {isa = PBXBuildFile; fileRef = CA3C7105273A5A7E0089DA5A /* ErrorView.swift */; };
		CA3C711B273A5A7E0089DA5A /* APIError.swift in Sources */ = {isa = PBXBuildFile; fileRef = CA3C7108273A5A7E0089DA5A /* APIError.swift */; };
		CA3C711C273A5A7E0089DA5A /* CombineHttpManager.swift in Sources */ = {isa = PBXBuildFile; fileRef = CA3C7109273A5A7E0089DA5A /* CombineHttpManager.swift */; };
		CA3C711D273A5A7E0089DA5A /* ScreenCoordinator.swift in Sources */ = {isa = PBXBuildFile; fileRef = CA3C710A273A5A7E0089DA5A /* ScreenCoordinator.swift */; };
		CA3C711E273A5A7E0089DA5A /* AuthManager.swift in Sources */ = {isa = PBXBuildFile; fileRef = CA3C710B273A5A7E0089DA5A /* AuthManager.swift */; };
/* End PBXBuildFile section */

/* Begin PBXFileReference section */
		CA3C70D9273A599E0089DA5A /* KleineEcommers.app */ = {isa = PBXFileReference; explicitFileType = wrapper.application; includeInIndex = 0; path = KleineEcommers.app; sourceTree = BUILT_PRODUCTS_DIR; };
		CA3C70DC273A599E0089DA5A /* KleineEcommersApp.swift */ = {isa = PBXFileReference; lastKnownFileType = sourcecode.swift; path = KleineEcommersApp.swift; sourceTree = "<group>"; };
		CA3C70DE273A599E0089DA5A /* ContentView.swift */ = {isa = PBXFileReference; lastKnownFileType = sourcecode.swift; path = ContentView.swift; sourceTree = "<group>"; };
		CA3C70E0273A59A00089DA5A /* Assets.xcassets */ = {isa = PBXFileReference; lastKnownFileType = folder.assetcatalog; path = Assets.xcassets; sourceTree = "<group>"; };
		CA3C70E3273A59A00089DA5A /* Preview Assets.xcassets */ = {isa = PBXFileReference; lastKnownFileType = folder.assetcatalog; path = "Preview Assets.xcassets"; sourceTree = "<group>"; };
		CA3C70E5273A59A00089DA5A /* Info.plist */ = {isa = PBXFileReference; lastKnownFileType = text.plist.xml; path = Info.plist; sourceTree = "<group>"; };
		CA3C70F2273A5A7E0089DA5A /* AppError.swift */ = {isa = PBXFileReference; fileEncoding = 4; lastKnownFileType = sourcecode.swift; path = AppError.swift; sourceTree = "<group>"; };
		CA3C70F4273A5A7E0089DA5A /* Date+Extension.swift */ = {isa = PBXFileReference; fileEncoding = 4; lastKnownFileType = sourcecode.swift; path = "Date+Extension.swift"; sourceTree = "<group>"; };
		CA3C70F5273A5A7E0089DA5A /* Bundle+Extension.swift */ = {isa = PBXFileReference; fileEncoding = 4; lastKnownFileType = sourcecode.swift; path = "Bundle+Extension.swift"; sourceTree = "<group>"; };
		CA3C70F6273A5A7E0089DA5A /* Double+Extension.swift */ = {isa = PBXFileReference; fileEncoding = 4; lastKnownFileType = sourcecode.swift; path = "Double+Extension.swift"; sourceTree = "<group>"; };
		CA3C70F7273A5A7E0089DA5A /* Color+Extension.swift */ = {isa = PBXFileReference; fileEncoding = 4; lastKnownFileType = sourcecode.swift; path = "Color+Extension.swift"; sourceTree = "<group>"; };
		CA3C70F8273A5A7E0089DA5A /* Font+Extension.swift */ = {isa = PBXFileReference; fileEncoding = 4; lastKnownFileType = sourcecode.swift; path = "Font+Extension.swift"; sourceTree = "<group>"; };
		CA3C70FA273A5A7E0089DA5A /* TestLoadingView.swift */ = {isa = PBXFileReference; fileEncoding = 4; lastKnownFileType = sourcecode.swift; path = TestLoadingView.swift; sourceTree = "<group>"; };
		CA3C70FD273A5A7E0089DA5A /* CustomNavigationLink.swift */ = {isa = PBXFileReference; fileEncoding = 4; lastKnownFileType = sourcecode.swift; path = CustomNavigationLink.swift; sourceTree = "<group>"; };
		CA3C70FE273A5A7E0089DA5A /* CustomNavBarContainerView.swift */ = {isa = PBXFileReference; fileEncoding = 4; lastKnownFileType = sourcecode.swift; path = CustomNavBarContainerView.swift; sourceTree = "<group>"; };
		CA3C70FF273A5A7E0089DA5A /* AppNavBarView.swift */ = {isa = PBXFileReference; fileEncoding = 4; lastKnownFileType = sourcecode.swift; path = AppNavBarView.swift; sourceTree = "<group>"; };
		CA3C7100273A5A7E0089DA5A /* CustomNavigationView.swift */ = {isa = PBXFileReference; fileEncoding = 4; lastKnownFileType = sourcecode.swift; path = CustomNavigationView.swift; sourceTree = "<group>"; };
		CA3C7101273A5A7E0089DA5A /* CustomNavigationViewPrefrenceKeys.swift */ = {isa = PBXFileReference; fileEncoding = 4; lastKnownFileType = sourcecode.swift; path = CustomNavigationViewPrefrenceKeys.swift; sourceTree = "<group>"; };
		CA3C7102273A5A7E0089DA5A /* CustomNavBarView.swift */ = {isa = PBXFileReference; fileEncoding = 4; lastKnownFileType = sourcecode.swift; path = CustomNavBarView.swift; sourceTree = "<group>"; };
		CA3C7104273A5A7E0089DA5A /* LoadingView.swift */ = {isa = PBXFileReference; fileEncoding = 4; lastKnownFileType = sourcecode.swift; path = LoadingView.swift; sourceTree = "<group>"; };
		CA3C7105273A5A7E0089DA5A /* ErrorView.swift */ = {isa = PBXFileReference; fileEncoding = 4; lastKnownFileType = sourcecode.swift; path = ErrorView.swift; sourceTree = "<group>"; };
		CA3C7108273A5A7E0089DA5A /* APIError.swift */ = {isa = PBXFileReference; fileEncoding = 4; lastKnownFileType = sourcecode.swift; path = APIError.swift; sourceTree = "<group>"; };
		CA3C7109273A5A7E0089DA5A /* CombineHttpManager.swift */ = {isa = PBXFileReference; fileEncoding = 4; lastKnownFileType = sourcecode.swift; path = CombineHttpManager.swift; sourceTree = "<group>"; };
		CA3C710A273A5A7E0089DA5A /* ScreenCoordinator.swift */ = {isa = PBXFileReference; fileEncoding = 4; lastKnownFileType = sourcecode.swift; path = ScreenCoordinator.swift; sourceTree = "<group>"; };
		CA3C710B273A5A7E0089DA5A /* AuthManager.swift */ = {isa = PBXFileReference; fileEncoding = 4; lastKnownFileType = sourcecode.swift; path = AuthManager.swift; sourceTree = "<group>"; };
/* End PBXFileReference section */

/* Begin PBXFrameworksBuildPhase section */
		CA3C70D6273A599E0089DA5A /* Frameworks */ = {
			isa = PBXFrameworksBuildPhase;
			buildActionMask = 2147483647;
			files = (
			);
			runOnlyForDeploymentPostprocessing = 0;
		};
/* End PBXFrameworksBuildPhase section */

/* Begin PBXGroup section */
		CA3C70D0273A599E0089DA5A = {
			isa = PBXGroup;
			children = (
				CA3C70DB273A599E0089DA5A /* KleineEcommers */,
				CA3C70DA273A599E0089DA5A /* Products */,
			);
			sourceTree = "<group>";
		};
		CA3C70DA273A599E0089DA5A /* Products */ = {
			isa = PBXGroup;
			children = (
				CA3C70D9273A599E0089DA5A /* KleineEcommers.app */,
			);
			name = Products;
			sourceTree = "<group>";
		};
		CA3C70DB273A599E0089DA5A /* KleineEcommers */ = {
			isa = PBXGroup;
			children = (
				CA3C70F0273A5A7E0089DA5A /* Package */,
				CA3C70ED273A59C10089DA5A /* Screens */,
				CA3C70EC273A59AA0089DA5A /* Resourse */,
				CA3C70E5273A59A00089DA5A /* Info.plist */,
				CA3C70E2273A59A00089DA5A /* Preview Content */,
			);
			path = KleineEcommers;
			sourceTree = "<group>";
		};
		CA3C70E2273A59A00089DA5A /* Preview Content */ = {
			isa = PBXGroup;
			children = (
				CA3C70E3273A59A00089DA5A /* Preview Assets.xcassets */,
			);
			path = "Preview Content";
			sourceTree = "<group>";
		};
		CA3C70EC273A59AA0089DA5A /* Resourse */ = {
			isa = PBXGroup;
			children = (
				CA3C70E0273A59A00089DA5A /* Assets.xcassets */,
				CA3C70DC273A599E0089DA5A /* KleineEcommersApp.swift */,
			);
			path = Resourse;
			sourceTree = "<group>";
		};
		CA3C70ED273A59C10089DA5A /* Screens */ = {
			isa = PBXGroup;
			children = (
				CA3C70EE273A59D00089DA5A /* Prelaunch */,
			);
			path = Screens;
			sourceTree = "<group>";
		};
		CA3C70EE273A59D00089DA5A /* Prelaunch */ = {
			isa = PBXGroup;
			children = (
				CA3C70DE273A599E0089DA5A /* ContentView.swift */,
			);
			path = Prelaunch;
			sourceTree = "<group>";
		};
		CA3C70F0273A5A7E0089DA5A /* Package */ = {
			isa = PBXGroup;
			children = (
				CA3C70F1273A5A7E0089DA5A /* Models */,
				CA3C70F3273A5A7E0089DA5A /* Extensions */,
				CA3C70F9273A5A7E0089DA5A /* Components */,
				CA3C7103273A5A7E0089DA5A /* Views */,
				CA3C7106273A5A7E0089DA5A /* Helpers */,
			);
			path = Package;
			sourceTree = "<group>";
		};
		CA3C70F1273A5A7E0089DA5A /* Models */ = {
			isa = PBXGroup;
			children = (
				CA3C70F2273A5A7E0089DA5A /* AppError.swift */,
			);
			path = Models;
			sourceTree = "<group>";
		};
		CA3C70F3273A5A7E0089DA5A /* Extensions */ = {
			isa = PBXGroup;
			children = (
				CA3C70F4273A5A7E0089DA5A /* Date+Extension.swift */,
				CA3C70F5273A5A7E0089DA5A /* Bundle+Extension.swift */,
				CA3C70F6273A5A7E0089DA5A /* Double+Extension.swift */,
				CA3C70F7273A5A7E0089DA5A /* Color+Extension.swift */,
				CA3C70F8273A5A7E0089DA5A /* Font+Extension.swift */,
			);
			path = Extensions;
			sourceTree = "<group>";
		};
		CA3C70F9273A5A7E0089DA5A /* Components */ = {
			isa = PBXGroup;
			children = (
				CA3C70FA273A5A7E0089DA5A /* TestLoadingView.swift */,
				CA3C70FB273A5A7E0089DA5A /* Navigation */,
			);
			path = Components;
			sourceTree = "<group>";
		};
		CA3C70FB273A5A7E0089DA5A /* Navigation */ = {
			isa = PBXGroup;
			children = (
				CA3C70FC273A5A7E0089DA5A /* CustomNavigationView */,
			);
			path = Navigation;
			sourceTree = "<group>";
		};
		CA3C70FC273A5A7E0089DA5A /* CustomNavigationView */ = {
			isa = PBXGroup;
			children = (
				CA3C70FD273A5A7E0089DA5A /* CustomNavigationLink.swift */,
				CA3C70FE273A5A7E0089DA5A /* CustomNavBarContainerView.swift */,
				CA3C70FF273A5A7E0089DA5A /* AppNavBarView.swift */,
				CA3C7100273A5A7E0089DA5A /* CustomNavigationView.swift */,
				CA3C7101273A5A7E0089DA5A /* CustomNavigationViewPrefrenceKeys.swift */,
				CA3C7102273A5A7E0089DA5A /* CustomNavBarView.swift */,
			);
			path = CustomNavigationView;
			sourceTree = "<group>";
		};
		CA3C7103273A5A7E0089DA5A /* Views */ = {
			isa = PBXGroup;
			children = (
				CA3C7104273A5A7E0089DA5A /* LoadingView.swift */,
				CA3C7105273A5A7E0089DA5A /* ErrorView.swift */,
			);
			path = Views;
			sourceTree = "<group>";
		};
		CA3C7106273A5A7E0089DA5A /* Helpers */ = {
			isa = PBXGroup;
			children = (
				CA3C7107273A5A7E0089DA5A /* Networking */,
				CA3C710A273A5A7E0089DA5A /* ScreenCoordinator.swift */,
				CA3C710B273A5A7E0089DA5A /* AuthManager.swift */,
			);
			path = Helpers;
			sourceTree = "<group>";
		};
		CA3C7107273A5A7E0089DA5A /* Networking */ = {
			isa = PBXGroup;
			children = (
				CA3C7108273A5A7E0089DA5A /* APIError.swift */,
				CA3C7109273A5A7E0089DA5A /* CombineHttpManager.swift */,
			);
			path = Networking;
			sourceTree = "<group>";
		};
/* End PBXGroup section */

/* Begin PBXNativeTarget section */
		CA3C70D8273A599E0089DA5A /* KleineEcommers */ = {
			isa = PBXNativeTarget;
			buildConfigurationList = CA3C70E8273A59A00089DA5A /* Build configuration list for PBXNativeTarget "KleineEcommers" */;
			buildPhases = (
				CA3C70D5273A599E0089DA5A /* Sources */,
				CA3C70D6273A599E0089DA5A /* Frameworks */,
				CA3C70D7273A599E0089DA5A /* Resources */,
			);
			buildRules = (
			);
			dependencies = (
			);
			name = KleineEcommers;
			productName = KleineEcommers;
			productReference = CA3C70D9273A599E0089DA5A /* KleineEcommers.app */;
			productType = "com.apple.product-type.application";
		};
/* End PBXNativeTarget section */

/* Begin PBXProject section */
		CA3C70D1273A599E0089DA5A /* Project object */ = {
			isa = PBXProject;
			attributes = {
				LastSwiftUpdateCheck = 1240;
				LastUpgradeCheck = 1240;
				TargetAttributes = {
					CA3C70D8273A599E0089DA5A = {
						CreatedOnToolsVersion = 12.4;
					};
				};
			};
			buildConfigurationList = CA3C70D4273A599E0089DA5A /* Build configuration list for PBXProject "KleineEcommers" */;
			compatibilityVersion = "Xcode 9.3";
			developmentRegion = en;
			hasScannedForEncodings = 0;
			knownRegions = (
				en,
				Base,
			);
			mainGroup = CA3C70D0273A599E0089DA5A;
			productRefGroup = CA3C70DA273A599E0089DA5A /* Products */;
			projectDirPath = "";
			projectRoot = "";
			targets = (
				CA3C70D8273A599E0089DA5A /* KleineEcommers */,
			);
		};
/* End PBXProject section */

/* Begin PBXResourcesBuildPhase section */
		CA3C70D7273A599E0089DA5A /* Resources */ = {
			isa = PBXResourcesBuildPhase;
			buildActionMask = 2147483647;
			files = (
				CA3C70E4273A59A00089DA5A /* Preview Assets.xcassets in Resources */,
				CA3C70E1273A59A00089DA5A /* Assets.xcassets in Resources */,
			);
			runOnlyForDeploymentPostprocessing = 0;
		};
/* End PBXResourcesBuildPhase section */

/* Begin PBXSourcesBuildPhase section */
		CA3C70D5273A599E0089DA5A /* Sources */ = {
			isa = PBXSourcesBuildPhase;
			buildActionMask = 2147483647;
			files = (
				CA3C70DF273A599E0089DA5A /* ContentView.swift in Sources */,
				CA3C711E273A5A7E0089DA5A /* AuthManager.swift in Sources */,
				CA3C7110273A5A7E0089DA5A /* Color+Extension.swift in Sources */,
				CA3C7117273A5A7E0089DA5A /* CustomNavigationViewPrefrenceKeys.swift in Sources */,
				CA3C7112273A5A7E0089DA5A /* TestLoadingView.swift in Sources */,
				CA3C711A273A5A7E0089DA5A /* ErrorView.swift in Sources */,
				CA3C710E273A5A7E0089DA5A /* Bundle+Extension.swift in Sources */,
				CA3C711D273A5A7E0089DA5A /* ScreenCoordinator.swift in Sources */,
				CA3C7119273A5A7E0089DA5A /* LoadingView.swift in Sources */,
				CA3C710F273A5A7E0089DA5A /* Double+Extension.swift in Sources */,
				CA3C710D273A5A7E0089DA5A /* Date+Extension.swift in Sources */,
				CA3C711C273A5A7E0089DA5A /* CombineHttpManager.swift in Sources */,
				CA3C7113273A5A7E0089DA5A /* CustomNavigationLink.swift in Sources */,
				CA3C7116273A5A7E0089DA5A /* CustomNavigationView.swift in Sources */,
				CA3C7118273A5A7E0089DA5A /* CustomNavBarView.swift in Sources */,
				CA3C70DD273A599E0089DA5A /* KleineEcommersApp.swift in Sources */,
				CA3C7115273A5A7E0089DA5A /* AppNavBarView.swift in Sources */,
				CA3C7114273A5A7E0089DA5A /* CustomNavBarContainerView.swift in Sources */,
				CA3C7111273A5A7E0089DA5A /* Font+Extension.swift in Sources */,
				CA3C710C273A5A7E0089DA5A /* AppError.swift in Sources */,
				CA3C711B273A5A7E0089DA5A /* APIError.swift in Sources */,
			);
			runOnlyForDeploymentPostprocessing = 0;
		};
/* End PBXSourcesBuildPhase section */

/* Begin XCBuildConfiguration section */
		CA3C70E6273A59A00089DA5A /* Debug */ = {
			isa = XCBuildConfiguration;
			buildSettings = {
				ALWAYS_SEARCH_USER_PATHS = NO;
				CLANG_ANALYZER_NONNULL = YES;
				CLANG_ANALYZER_NUMBER_OBJECT_CONVERSION = YES_AGGRESSIVE;
				CLANG_CXX_LANGUAGE_STANDARD = "gnu++14";
				CLANG_CXX_LIBRARY = "libc++";
				CLANG_ENABLE_MODULES = YES;
				CLANG_ENABLE_OBJC_ARC = YES;
				CLANG_ENABLE_OBJC_WEAK = YES;
				CLANG_WARN_BLOCK_CAPTURE_AUTORELEASING = YES;
				CLANG_WARN_BOOL_CONVERSION = YES;
				CLANG_WARN_COMMA = YES;
				CLANG_WARN_CONSTANT_CONVERSION = YES;
				CLANG_WARN_DEPRECATED_OBJC_IMPLEMENTATIONS = YES;
				CLANG_WARN_DIRECT_OBJC_ISA_USAGE = YES_ERROR;
				CLANG_WARN_DOCUMENTATION_COMMENTS = YES;
				CLANG_WARN_EMPTY_BODY = YES;
				CLANG_WARN_ENUM_CONVERSION = YES;
				CLANG_WARN_INFINITE_RECURSION = YES;
				CLANG_WARN_INT_CONVERSION = YES;
				CLANG_WARN_NON_LITERAL_NULL_CONVERSION = YES;
				CLANG_WARN_OBJC_IMPLICIT_RETAIN_SELF = YES;
				CLANG_WARN_OBJC_LITERAL_CONVERSION = YES;
				CLANG_WARN_OBJC_ROOT_CLASS = YES_ERROR;
				CLANG_WARN_QUOTED_INCLUDE_IN_FRAMEWORK_HEADER = YES;
				CLANG_WARN_RANGE_LOOP_ANALYSIS = YES;
				CLANG_WARN_STRICT_PROTOTYPES = YES;
				CLANG_WARN_SUSPICIOUS_MOVE = YES;
				CLANG_WARN_UNGUARDED_AVAILABILITY = YES_AGGRESSIVE;
				CLANG_WARN_UNREACHABLE_CODE = YES;
				CLANG_WARN__DUPLICATE_METHOD_MATCH = YES;
				COPY_PHASE_STRIP = NO;
				DEBUG_INFORMATION_FORMAT = dwarf;
				ENABLE_STRICT_OBJC_MSGSEND = YES;
				ENABLE_TESTABILITY = YES;
				GCC_C_LANGUAGE_STANDARD = gnu11;
				GCC_DYNAMIC_NO_PIC = NO;
				GCC_NO_COMMON_BLOCKS = YES;
				GCC_OPTIMIZATION_LEVEL = 0;
				GCC_PREPROCESSOR_DEFINITIONS = (
					"DEBUG=1",
					"$(inherited)",
				);
				GCC_WARN_64_TO_32_BIT_CONVERSION = YES;
				GCC_WARN_ABOUT_RETURN_TYPE = YES_ERROR;
				GCC_WARN_UNDECLARED_SELECTOR = YES;
				GCC_WARN_UNINITIALIZED_AUTOS = YES_AGGRESSIVE;
				GCC_WARN_UNUSED_FUNCTION = YES;
				GCC_WARN_UNUSED_VARIABLE = YES;
				IPHONEOS_DEPLOYMENT_TARGET = 14.4;
				MTL_ENABLE_DEBUG_INFO = INCLUDE_SOURCE;
				MTL_FAST_MATH = YES;
				ONLY_ACTIVE_ARCH = YES;
				SDKROOT = iphoneos;
				SWIFT_ACTIVE_COMPILATION_CONDITIONS = DEBUG;
				SWIFT_OPTIMIZATION_LEVEL = "-Onone";
			};
			name = Debug;
		};
		CA3C70E7273A59A00089DA5A /* Release */ = {
			isa = XCBuildConfiguration;
			buildSettings = {
				ALWAYS_SEARCH_USER_PATHS = NO;
				CLANG_ANALYZER_NONNULL = YES;
				CLANG_ANALYZER_NUMBER_OBJECT_CONVERSION = YES_AGGRESSIVE;
				CLANG_CXX_LANGUAGE_STANDARD = "gnu++14";
				CLANG_CXX_LIBRARY = "libc++";
				CLANG_ENABLE_MODULES = YES;
				CLANG_ENABLE_OBJC_ARC = YES;
				CLANG_ENABLE_OBJC_WEAK = YES;
				CLANG_WARN_BLOCK_CAPTURE_AUTORELEASING = YES;
				CLANG_WARN_BOOL_CONVERSION = YES;
				CLANG_WARN_COMMA = YES;
				CLANG_WARN_CONSTANT_CONVERSION = YES;
				CLANG_WARN_DEPRECATED_OBJC_IMPLEMENTATIONS = YES;
				CLANG_WARN_DIRECT_OBJC_ISA_USAGE = YES_ERROR;
				CLANG_WARN_DOCUMENTATION_COMMENTS = YES;
				CLANG_WARN_EMPTY_BODY = YES;
				CLANG_WARN_ENUM_CONVERSION = YES;
				CLANG_WARN_INFINITE_RECURSION = YES;
				CLANG_WARN_INT_CONVERSION = YES;
				CLANG_WARN_NON_LITERAL_NULL_CONVERSION = YES;
				CLANG_WARN_OBJC_IMPLICIT_RETAIN_SELF = YES;
				CLANG_WARN_OBJC_LITERAL_CONVERSION = YES;
				CLANG_WARN_OBJC_ROOT_CLASS = YES_ERROR;
				CLANG_WARN_QUOTED_INCLUDE_IN_FRAMEWORK_HEADER = YES;
				CLANG_WARN_RANGE_LOOP_ANALYSIS = YES;
				CLANG_WARN_STRICT_PROTOTYPES = YES;
				CLANG_WARN_SUSPICIOUS_MOVE = YES;
				CLANG_WARN_UNGUARDED_AVAILABILITY = YES_AGGRESSIVE;
				CLANG_WARN_UNREACHABLE_CODE = YES;
				CLANG_WARN__DUPLICATE_METHOD_MATCH = YES;
				COPY_PHASE_STRIP = NO;
				DEBUG_INFORMATION_FORMAT = "dwarf-with-dsym";
				ENABLE_NS_ASSERTIONS = NO;
				ENABLE_STRICT_OBJC_MSGSEND = YES;
				GCC_C_LANGUAGE_STANDARD = gnu11;
				GCC_NO_COMMON_BLOCKS = YES;
				GCC_WARN_64_TO_32_BIT_CONVERSION = YES;
				GCC_WARN_ABOUT_RETURN_TYPE = YES_ERROR;
				GCC_WARN_UNDECLARED_SELECTOR = YES;
				GCC_WARN_UNINITIALIZED_AUTOS = YES_AGGRESSIVE;
				GCC_WARN_UNUSED_FUNCTION = YES;
				GCC_WARN_UNUSED_VARIABLE = YES;
				IPHONEOS_DEPLOYMENT_TARGET = 14.4;
				MTL_ENABLE_DEBUG_INFO = NO;
				MTL_FAST_MATH = YES;
				SDKROOT = iphoneos;
				SWIFT_COMPILATION_MODE = wholemodule;
				SWIFT_OPTIMIZATION_LEVEL = "-O";
				VALIDATE_PRODUCT = YES;
			};
			name = Release;
		};
		CA3C70E9273A59A00089DA5A /* Debug */ = {
			isa = XCBuildConfiguration;
			buildSettings = {
				ASSETCATALOG_COMPILER_APPICON_NAME = AppIcon;
				ASSETCATALOG_COMPILER_GLOBAL_ACCENT_COLOR_NAME = AccentColor;
				CODE_SIGN_STYLE = Automatic;
				DEVELOPMENT_ASSET_PATHS = "\"KleineEcommers/Preview Content\"";
				DEVELOPMENT_TEAM = 95563VRD3R;
				ENABLE_PREVIEWS = YES;
				INFOPLIST_FILE = KleineEcommers/Info.plist;
				IPHONEOS_DEPLOYMENT_TARGET = 14.0;
				LD_RUNPATH_SEARCH_PATHS = (
					"$(inherited)",
					"@executable_path/Frameworks",
				);
				PRODUCT_BUNDLE_IDENTIFIER = com.codersdc.KleineEcommers;
				PRODUCT_NAME = "$(TARGET_NAME)";
				SWIFT_VERSION = 5.0;
				TARGETED_DEVICE_FAMILY = "1,2";
			};
			name = Debug;
		};
		CA3C70EA273A59A00089DA5A /* Release */ = {
			isa = XCBuildConfiguration;
			buildSettings = {
				ASSETCATALOG_COMPILER_APPICON_NAME = AppIcon;
				ASSETCATALOG_COMPILER_GLOBAL_ACCENT_COLOR_NAME = AccentColor;
				CODE_SIGN_STYLE = Automatic;
				DEVELOPMENT_ASSET_PATHS = "\"KleineEcommers/Preview Content\"";
				DEVELOPMENT_TEAM = 95563VRD3R;
				ENABLE_PREVIEWS = YES;
				INFOPLIST_FILE = KleineEcommers/Info.plist;
				IPHONEOS_DEPLOYMENT_TARGET = 14.0;
				LD_RUNPATH_SEARCH_PATHS = (
					"$(inherited)",
					"@executable_path/Frameworks",
				);
				PRODUCT_BUNDLE_IDENTIFIER = com.codersdc.KleineEcommers;
				PRODUCT_NAME = "$(TARGET_NAME)";
				SWIFT_VERSION = 5.0;
				TARGETED_DEVICE_FAMILY = "1,2";
			};
			name = Release;
		};
/* End XCBuildConfiguration section */

/* Begin XCConfigurationList section */
		CA3C70D4273A599E0089DA5A /* Build configuration list for PBXProject "KleineEcommers" */ = {
			isa = XCConfigurationList;
			buildConfigurations = (
				CA3C70E6273A59A00089DA5A /* Debug */,
				CA3C70E7273A59A00089DA5A /* Release */,
			);
			defaultConfigurationIsVisible = 0;
			defaultConfigurationName = Release;
		};
		CA3C70E8273A59A00089DA5A /* Build configuration list for PBXNativeTarget "KleineEcommers" */ = {
			isa = XCConfigurationList;
			buildConfigurations = (
				CA3C70E9273A59A00089DA5A /* Debug */,
				CA3C70EA273A59A00089DA5A /* Release */,
			);
			defaultConfigurationIsVisible = 0;
			defaultConfigurationName = Release;
		};
/* End XCConfigurationList section */
	};
	rootObject = CA3C70D1273A599E0089DA5A /* Project object */;
}
